
Microsoft Visual Studio Solution File, Format Version 12.00
# Visual Studio Version 16
VisualStudioVersion = 16.0.30907.101
MinimumVisualStudioVersion = 10.0.40219.1
Project("{FAE04EC0-301F-11D3-BF4B-00C04F79EFBC}") = "CinemaAPI", "CinemaAPI\CinemaAPI.csproj", "{0566D386-AB22-44BB-BBFF-9F1D9592A8BD}"
EndProject
Global
	GlobalSection(SolutionConfigurationPlatforms) = preSolution
		Debug|Any CPU = Debug|Any CPU
		Release|Any CPU = Release|Any CPU
	EndGlobalSection
	GlobalSection(ProjectConfigurationPlatforms) = postSolution
		{0566D386-AB22-44BB-BBFF-9F1D9592A8BD}.Debug|Any CPU.ActiveCfg = Debug|Any CPU
		{0566D386-AB22-44BB-BBFF-9F1D9592A8BD}.Debug|Any CPU.Build.0 = Debug|Any CPU
		{0566D386-AB22-44BB-BBFF-9F1D9592A8BD}.Release|Any CPU.ActiveCfg = Release|Any CPU
		{0566D386-AB22-44BB-BBFF-9F1D9592A8BD}.Release|Any CPU.Build.0 = Release|Any CPU
	EndGlobalSection
	GlobalSection(SolutionProperties) = preSolution
		HideSolutionNode = FALSE
	EndGlobalSection
	GlobalSection(ExtensibilityGlobals) = postSolution
		SolutionGuid = {4C68C903-89B6-4BA3-A80F-338AF5FDDB26}
	EndGlobalSection
EndGlobal
